
Microsoft Visual Studio Solution File, Format Version 12.00
# Visual Studio Version 17
VisualStudioVersion = 17.2.32519.379
MinimumVisualStudioVersion = 10.0.40219.1
Project("{FAE04EC0-301F-11D3-BF4B-00C04F79EFBC}") = "AppleTunes", "AppleTunes\AppleTunes.csproj", "{F4E40AAC-3C43-41BE-878D-1D12A3708358}"
EndProject
Global
	GlobalSection(SolutionConfigurationPlatforms) = preSolution
		Debug|Any CPU = Debug|Any CPU
		Release|Any CPU = Release|Any CPU
	EndGlobalSection
	GlobalSection(ProjectConfigurationPlatforms) = postSolution
		{F4E40AAC-3C43-41BE-878D-1D12A3708358}.Debug|Any CPU.ActiveCfg = Debug|Any CPU
		{F4E40AAC-3C43-41BE-878D-1D12A3708358}.Debug|Any CPU.Build.0 = Debug|Any CPU
		{F4E40AAC-3C43-41BE-878D-1D12A3708358}.Release|Any CPU.ActiveCfg = Release|Any CPU
		{F4E40AAC-3C43-41BE-878D-1D12A3708358}.Release|Any CPU.Build.0 = Release|Any CPU
	EndGlobalSection
	GlobalSection(SolutionProperties) = preSolution
		HideSolutionNode = FALSE
	EndGlobalSection
	GlobalSection(ExtensibilityGlobals) = postSolution
		SolutionGuid = {69102A05-E216-48E4-ADF2-A5EEB6D01634}
	EndGlobalSection
EndGlobal
